
Microsoft Visual Studio Solution File, Format Version 12.00
# Visual Studio Version 17
VisualStudioVersion = 17.14.36109.1 d17.14
MinimumVisualStudioVersion = 10.0.40219.1
Project("{FAE04EC0-301F-11D3-BF4B-00C04F79EFBC}") = "SkillSnap.API", "SkillSnap.API\SkillSnap.API.csproj", "{F31D15EA-7951-4501-84C5-02A7BA58AA75}"
EndProject
Project("{FAE04EC0-301F-11D3-BF4B-00C04F79EFBC}") = "SkillSnap.Front", "SkillSnap.Front\SkillSnap.Front.csproj", "{5B23AA68-F005-4E5E-8A9C-F10A9B993744}"
EndProject
Global
	GlobalSection(SolutionConfigurationPlatforms) = preSolution
		Debug|Any CPU = Debug|Any CPU
		Release|Any CPU = Release|Any CPU
	EndGlobalSection
	GlobalSection(ProjectConfigurationPlatforms) = postSolution
		{F31D15EA-7951-4501-84C5-02A7BA58AA75}.Debug|Any CPU.ActiveCfg = Debug|Any CPU
		{F31D15EA-7951-4501-84C5-02A7BA58AA75}.Debug|Any CPU.Build.0 = Debug|Any CPU
		{F31D15EA-7951-4501-84C5-02A7BA58AA75}.Release|Any CPU.ActiveCfg = Release|Any CPU
		{F31D15EA-7951-4501-84C5-02A7BA58AA75}.Release|Any CPU.Build.0 = Release|Any CPU
		{5B23AA68-F005-4E5E-8A9C-F10A9B993744}.Debug|Any CPU.ActiveCfg = Debug|Any CPU
		{5B23AA68-F005-4E5E-8A9C-F10A9B993744}.Debug|Any CPU.Build.0 = Debug|Any CPU
		{5B23AA68-F005-4E5E-8A9C-F10A9B993744}.Release|Any CPU.ActiveCfg = Release|Any CPU
		{5B23AA68-F005-4E5E-8A9C-F10A9B993744}.Release|Any CPU.Build.0 = Release|Any CPU
	EndGlobalSection
	GlobalSection(SolutionProperties) = preSolution
		HideSolutionNode = FALSE
	EndGlobalSection
	GlobalSection(ExtensibilityGlobals) = postSolution
		SolutionGuid = {B630E3C5-BD02-4F58-80FB-0C1786909298}
	EndGlobalSection
EndGlobal
